
Microsoft Visual Studio Solution File, Format Version 12.00
# Visual Studio Version 16
VisualStudioVersion = 16.0.31019.35
MinimumVisualStudioVersion = 10.0.40219.1
Project("{9A19103F-16F7-4668-BE54-9A1E7A4F7556}") = "WarehousesSystemAPI", "WarehousesSystemAPI\WarehousesSystemAPI.csproj", "{0B3FCD9E-0EF6-4FEE-9F54-04BCBCA1E774}"
EndProject
Project("{FAE04EC0-301F-11D3-BF4B-00C04F79EFBC}") = "WarehousesSystemAPI.IntegrationTests", "WarehousesSystemAPI.IntegrationTests\WarehousesSystemAPI.IntegrationTests.csproj", "{E0144814-3519-4C96-AFC5-DF1B960BBA88}"
EndProject
Global
	GlobalSection(SolutionConfigurationPlatforms) = preSolution
		Debug|Any CPU = Debug|Any CPU
		Release|Any CPU = Release|Any CPU
	EndGlobalSection
	GlobalSection(ProjectConfigurationPlatforms) = postSolution
		{0B3FCD9E-0EF6-4FEE-9F54-04BCBCA1E774}.Debug|Any CPU.ActiveCfg = Debug|Any CPU
		{0B3FCD9E-0EF6-4FEE-9F54-04BCBCA1E774}.Debug|Any CPU.Build.0 = Debug|Any CPU
		{0B3FCD9E-0EF6-4FEE-9F54-04BCBCA1E774}.Release|Any CPU.ActiveCfg = Release|Any CPU
		{0B3FCD9E-0EF6-4FEE-9F54-04BCBCA1E774}.Release|Any CPU.Build.0 = Release|Any CPU
		{E0144814-3519-4C96-AFC5-DF1B960BBA88}.Debug|Any CPU.ActiveCfg = Debug|Any CPU
		{E0144814-3519-4C96-AFC5-DF1B960BBA88}.Debug|Any CPU.Build.0 = Debug|Any CPU
		{E0144814-3519-4C96-AFC5-DF1B960BBA88}.Release|Any CPU.ActiveCfg = Release|Any CPU
		{E0144814-3519-4C96-AFC5-DF1B960BBA88}.Release|Any CPU.Build.0 = Release|Any CPU
	EndGlobalSection
	GlobalSection(SolutionProperties) = preSolution
		HideSolutionNode = FALSE
	EndGlobalSection
	GlobalSection(ExtensibilityGlobals) = postSolution
		SolutionGuid = {5CA40CE7-27EC-4458-88A5-DA758CC51B38}
	EndGlobalSection
EndGlobal
